// !$*UTF8*$!
{
	archiveVersion = 1;
	classes = {
	};
	objectVersion = 46;
	objects = {

/* Begin PBXBuildFile section */
		57231A4A1B0497D7000DE8D9 /* AppDelegate.swift in Sources */ = {isa = PBXBuildFile; fileRef = 57231A491B0497D7000DE8D9 /* AppDelegate.swift */; };
		57231A4C1B0497D7000DE8D9 /* ViewController.swift in Sources */ = {isa = PBXBuildFile; fileRef = 57231A4B1B0497D7000DE8D9 /* ViewController.swift */; };
		57231A4F1B0497D7000DE8D9 /* Main.storyboard in Resources */ = {isa = PBXBuildFile; fileRef = 57231A4D1B0497D7000DE8D9 /* Main.storyboard */; };
		57231A511B0497D7000DE8D9 /* Images.xcassets in Resources */ = {isa = PBXBuildFile; fileRef = 57231A501B0497D7000DE8D9 /* Images.xcassets */; };
		57231A541B0497D7000DE8D9 /* LaunchScreen.xib in Resources */ = {isa = PBXBuildFile; fileRef = 57231A521B0497D7000DE8D9 /* LaunchScreen.xib */; };
		57231A601B0497D7000DE8D9 /* minesSweeperFPTests.swift in Sources */ = {isa = PBXBuildFile; fileRef = 57231A5F1B0497D7000DE8D9 /* minesSweeperFPTests.swift */; };
/* End PBXBuildFile section */

/* Begin PBXContainerItemProxy section */
		57231A5A1B0497D7000DE8D9 /* PBXContainerItemProxy */ = {
			isa = PBXContainerItemProxy;
			containerPortal = 57231A3C1B0497D7000DE8D9 /* Project object */;
			proxyType = 1;
			remoteGlobalIDString = 57231A431B0497D7000DE8D9;
			remoteInfo = minesSweeperFP;
		};
/* End PBXContainerItemProxy section */

/* Begin PBXFileReference section */
		57231A441B0497D7000DE8D9 /* minesSweeperFP.app */ = {isa = PBXFileReference; explicitFileType = wrapper.application; includeInIndex = 0; path = minesSweeperFP.app; sourceTree = BUILT_PRODUCTS_DIR; };
		57231A481B0497D7000DE8D9 /* Info.plist */ = {isa = PBXFileReference; lastKnownFileType = text.plist.xml; path = Info.plist; sourceTree = "<group>"; };
		57231A491B0497D7000DE8D9 /* AppDelegate.swift */ = {isa = PBXFileReference; lastKnownFileType = sourcecode.swift; path = AppDelegate.swift; sourceTree = "<group>"; };
		57231A4B1B0497D7000DE8D9 /* ViewController.swift */ = {isa = PBXFileReference; lastKnownFileType = sourcecode.swift; path = ViewController.swift; sourceTree = "<group>"; };
		57231A4E1B0497D7000DE8D9 /* Base */ = {isa = PBXFileReference; lastKnownFileType = file.storyboard; name = Base; path = Base.lproj/Main.storyboard; sourceTree = "<group>"; };
		57231A501B0497D7000DE8D9 /* Images.xcassets */ = {isa = PBXFileReference; lastKnownFileType = folder.assetcatalog; path = Images.xcassets; sourceTree = "<group>"; };
		57231A531B0497D7000DE8D9 /* Base */ = {isa = PBXFileReference; lastKnownFileType = file.xib; name = Base; path = Base.lproj/LaunchScreen.xib; sourceTree = "<group>"; };
		57231A591B0497D7000DE8D9 /* minesSweeperFPTests.xctest */ = {isa = PBXFileReference; explicitFileType = wrapper.cfbundle; includeInIndex = 0; path = minesSweeperFPTests.xctest; sourceTree = BUILT_PRODUCTS_DIR; };
		57231A5E1B0497D7000DE8D9 /* Info.plist */ = {isa = PBXFileReference; lastKnownFileType = text.plist.xml; path = Info.plist; sourceTree = "<group>"; };
		57231A5F1B0497D7000DE8D9 /* minesSweeperFPTests.swift */ = {isa = PBXFileReference; lastKnownFileType = sourcecode.swift; path = minesSweeperFPTests.swift; sourceTree = "<group>"; };
/* End PBXFileReference section */

/* Begin PBXFrameworksBuildPhase section */
		57231A411B0497D7000DE8D9 /* Frameworks */ = {
			isa = PBXFrameworksBuildPhase;
			buildActionMask = 2147483647;
			files = (
			);
			runOnlyForDeploymentPostprocessing = 0;
		};
		57231A561B0497D7000DE8D9 /* Frameworks */ = {
			isa = PBXFrameworksBuildPhase;
			buildActionMask = 2147483647;
			files = (
			);
			runOnlyForDeploymentPostprocessing = 0;
		};
/* End PBXFrameworksBuildPhase section */

/* Begin PBXGroup section */
		57231A3B1B0497D7000DE8D9 = {
			isa = PBXGroup;
			children = (
				57231A461B0497D7000DE8D9 /* minesSweeperFP */,
				57231A5C1B0497D7000DE8D9 /* minesSweeperFPTests */,
				57231A451B0497D7000DE8D9 /* Products */,
			);
			sourceTree = "<group>";
		};
		57231A451B0497D7000DE8D9 /* Products */ = {
			isa = PBXGroup;
			children = (
				57231A441B0497D7000DE8D9 /* minesSweeperFP.app */,
				57231A591B0497D7000DE8D9 /* minesSweeperFPTests.xctest */,
			);
			name = Products;
			sourceTree = "<group>";
		};
		57231A461B0497D7000DE8D9 /* minesSweeperFP */ = {
			isa = PBXGroup;
			children = (
				57231A491B0497D7000DE8D9 /* AppDelegate.swift */,
				57231A4B1B0497D7000DE8D9 /* ViewController.swift */,
				57231A4D1B0497D7000DE8D9 /* Main.storyboard */,
				57231A501B0497D7000DE8D9 /* Images.xcassets */,
				57231A521B0497D7000DE8D9 /* LaunchScreen.xib */,
				57231A471B0497D7000DE8D9 /* Supporting Files */,
			);
			path = minesSweeperFP;
			sourceTree = "<group>";
		};
		57231A471B0497D7000DE8D9 /* Supporting Files */ = {
			isa = PBXGroup;
			children = (
				57231A481B0497D7000DE8D9 /* Info.plist */,
			);
			name = "Supporting Files";
			sourceTree = "<group>";
		};
		57231A5C1B0497D7000DE8D9 /* minesSweeperFPTests */ = {
			isa = PBXGroup;
			children = (
				57231A5F1B0497D7000DE8D9 /* minesSweeperFPTests.swift */,
				57231A5D1B0497D7000DE8D9 /* Supporting Files */,
			);
			path = minesSweeperFPTests;
			sourceTree = "<group>";
		};
		57231A5D1B0497D7000DE8D9 /* Supporting Files */ = {
			isa = PBXGroup;
			children = (
				57231A5E1B0497D7000DE8D9 /* Info.plist */,
			);
			name = "Supporting Files";
			sourceTree = "<group>";
		};
/* End PBXGroup section */

/* Begin PBXNativeTarget section */
		57231A431B0497D7000DE8D9 /* minesSweeperFP */ = {
			isa = PBXNativeTarget;
			buildConfigurationList = 57231A631B0497D7000DE8D9 /* Build configuration list for PBXNativeTarget "minesSweeperFP" */;
			buildPhases = (
				57231A401B0497D7000DE8D9 /* Sources */,
				57231A411B0497D7000DE8D9 /* Frameworks */,
				57231A421B0497D7000DE8D9 /* Resources */,
			);
			buildRules = (
			);
			dependencies = (
			);
			name = minesSweeperFP;
			productName = minesSweeperFP;
			productReference = 57231A441B0497D7000DE8D9 /* minesSweeperFP.app */;
			productType = "com.apple.product-type.application";
		};
		57231A581B0497D7000DE8D9 /* minesSweeperFPTests */ = {
			isa = PBXNativeTarget;
			buildConfigurationList = 57231A661B0497D7000DE8D9 /* Build configuration list for PBXNativeTarget "minesSweeperFPTests" */;
			buildPhases = (
				57231A551B0497D7000DE8D9 /* Sources */,
				57231A561B0497D7000DE8D9 /* Frameworks */,
				57231A571B0497D7000DE8D9 /* Resources */,
			);
			buildRules = (
			);
			dependencies = (
				57231A5B1B0497D7000DE8D9 /* PBXTargetDependency */,
			);
			name = minesSweeperFPTests;
			productName = minesSweeperFPTests;
			productReference = 57231A591B0497D7000DE8D9 /* minesSweeperFPTests.xctest */;
			productType = "com.apple.product-type.bundle.unit-test";
		};
/* End PBXNativeTarget section */

/* Begin PBXProject section */
		57231A3C1B0497D7000DE8D9 /* Project object */ = {
			isa = PBXProject;
			attributes = {
				LastUpgradeCheck = 0630;
				ORGANIZATIONNAME = "Victor ALIBERT";
				TargetAttributes = {
					57231A431B0497D7000DE8D9 = {
						CreatedOnToolsVersion = 6.3.1;
					};
					57231A581B0497D7000DE8D9 = {
						CreatedOnToolsVersion = 6.3.1;
						TestTargetID = 57231A431B0497D7000DE8D9;
					};
				};
			};
			buildConfigurationList = 57231A3F1B0497D7000DE8D9 /* Build configuration list for PBXProject "minesSweeperFP" */;
			compatibilityVersion = "Xcode 3.2";
			developmentRegion = English;
			hasScannedForEncodings = 0;
			knownRegions = (
				en,
				Base,
			);
			mainGroup = 57231A3B1B0497D7000DE8D9;
			productRefGroup = 57231A451B0497D7000DE8D9 /* Products */;
			projectDirPath = "";
			projectRoot = "";
			targets = (
				57231A431B0497D7000DE8D9 /* minesSweeperFP */,
				57231A581B0497D7000DE8D9 /* minesSweeperFPTests */,
			);
		};
/* End PBXProject section */

/* Begin PBXResourcesBuildPhase section */
		57231A421B0497D7000DE8D9 /* Resources */ = {
			isa = PBXResourcesBuildPhase;
			buildActionMask = 2147483647;
			files = (
				57231A4F1B0497D7000DE8D9 /* Main.storyboard in Resources */,
				57231A541B0497D7000DE8D9 /* LaunchScreen.xib in Resources */,
				57231A511B0497D7000DE8D9 /* Images.xcassets in Resources */,
			);
			runOnlyForDeploymentPostprocessing = 0;
		};
		57231A571B0497D7000DE8D9 /* Resources */ = {
			isa = PBXResourcesBuildPhase;
			buildActionMask = 2147483647;
			files = (
			);
			runOnlyForDeploymentPostprocessing = 0;
		};
/* End PBXResourcesBuildPhase section */

/* Begin PBXSourcesBuildPhase section */
		57231A401B0497D7000DE8D9 /* Sources */ = {
			isa = PBXSourcesBuildPhase;
			buildActionMask = 2147483647;
			files = (
				57231A4C1B0497D7000DE8D9 /* ViewController.swift in Sources */,
				57231A4A1B0497D7000DE8D9 /* AppDelegate.swift in Sources */,
			);
			runOnlyForDeploymentPostprocessing = 0;
		};
		57231A551B0497D7000DE8D9 /* Sources */ = {
			isa = PBXSourcesBuildPhase;
			buildActionMask = 2147483647;
			files = (
				57231A601B0497D7000DE8D9 /* minesSweeperFPTests.swift in Sources */,
			);
			runOnlyForDeploymentPostprocessing = 0;
		};
/* End PBXSourcesBuildPhase section */

/* Begin PBXTargetDependency section */
		57231A5B1B0497D7000DE8D9 /* PBXTargetDependency */ = {
			isa = PBXTargetDependency;
			target = 57231A431B0497D7000DE8D9 /* minesSweeperFP */;
			targetProxy = 57231A5A1B0497D7000DE8D9 /* PBXContainerItemProxy */;
		};
/* End PBXTargetDependency section */

/* Begin PBXVariantGroup section */
		57231A4D1B0497D7000DE8D9 /* Main.storyboard */ = {
			isa = PBXVariantGroup;
			children = (
				57231A4E1B0497D7000DE8D9 /* Base */,
			);
			name = Main.storyboard;
			sourceTree = "<group>";
		};
		57231A521B0497D7000DE8D9 /* LaunchScreen.xib */ = {
			isa = PBXVariantGroup;
			children = (
				57231A531B0497D7000DE8D9 /* Base */,
			);
			name = LaunchScreen.xib;
			sourceTree = "<group>";
		};
/* End PBXVariantGroup section */

/* Begin XCBuildConfiguration section */
		57231A611B0497D7000DE8D9 /* Debug */ = {
			isa = XCBuildConfiguration;
			buildSettings = {
				ALWAYS_SEARCH_USER_PATHS = NO;
				CLANG_CXX_LANGUAGE_STANDARD = "gnu++0x";
				CLANG_CXX_LIBRARY = "libc++";
				CLANG_ENABLE_MODULES = YES;
				CLANG_ENABLE_OBJC_ARC = YES;
				CLANG_WARN_BOOL_CONVERSION = YES;
				CLANG_WARN_CONSTANT_CONVERSION = YES;
				CLANG_WARN_DIRECT_OBJC_ISA_USAGE = YES_ERROR;
				CLANG_WARN_EMPTY_BODY = YES;
				CLANG_WARN_ENUM_CONVERSION = YES;
				CLANG_WARN_INT_CONVERSION = YES;
				CLANG_WARN_OBJC_ROOT_CLASS = YES_ERROR;
				CLANG_WARN_UNREACHABLE_CODE = YES;
				CLANG_WARN__DUPLICATE_METHOD_MATCH = YES;
				"CODE_SIGN_IDENTITY[sdk=iphoneos*]" = "iPhone Developer";
				COPY_PHASE_STRIP = NO;
				DEBUG_INFORMATION_FORMAT = "dwarf-with-dsym";
				ENABLE_STRICT_OBJC_MSGSEND = YES;
				GCC_C_LANGUAGE_STANDARD = gnu99;
				GCC_DYNAMIC_NO_PIC = NO;
				GCC_NO_COMMON_BLOCKS = YES;
				GCC_OPTIMIZATION_LEVEL = 0;
				GCC_PREPROCESSOR_DEFINITIONS = (
					"DEBUG=1",
					"$(inherited)",
				);
				GCC_SYMBOLS_PRIVATE_EXTERN = NO;
				GCC_WARN_64_TO_32_BIT_CONVERSION = YES;
				GCC_WARN_ABOUT_RETURN_TYPE = YES_ERROR;
				GCC_WARN_UNDECLARED_SELECTOR = YES;
				GCC_WARN_UNINITIALIZED_AUTOS = YES_AGGRESSIVE;
				GCC_WARN_UNUSED_FUNCTION = YES;
				GCC_WARN_UNUSED_VARIABLE = YES;
				IPHONEOS_DEPLOYMENT_TARGET = 8.3;
				MTL_ENABLE_DEBUG_INFO = YES;
				ONLY_ACTIVE_ARCH = YES;
				SDKROOT = iphoneos;
				SWIFT_OPTIMIZATION_LEVEL = "-Onone";
				TARGETED_DEVICE_FAMILY = "1,2";
			};
			name = Debug;
		};
		57231A621B0497D7000DE8D9 /* Release */ = {
			isa = XCBuildConfiguration;
			buildSettings = {
				ALWAYS_SEARCH_USER_PATHS = NO;
				CLANG_CXX_LANGUAGE_STANDARD = "gnu++0x";
				CLANG_CXX_LIBRARY = "libc++";
				CLANG_ENABLE_MODULES = YES;
				CLANG_ENABLE_OBJC_ARC = YES;
				CLANG_WARN_BOOL_CONVERSION = YES;
				CLANG_WARN_CONSTANT_CONVERSION = YES;
				CLANG_WARN_DIRECT_OBJC_ISA_USAGE = YES_ERROR;
				CLANG_WARN_EMPTY_BODY = YES;
				CLANG_WARN_ENUM_CONVERSION = YES;
				CLANG_WARN_INT_CONVERSION = YES;
				CLANG_WARN_OBJC_ROOT_CLASS = YES_ERROR;
				CLANG_WARN_UNREACHABLE_CODE = YES;
				CLANG_WARN__DUPLICATE_METHOD_MATCH = YES;
				"CODE_SIGN_IDENTITY[sdk=iphoneos*]" = "iPhone Developer";
				COPY_PHASE_STRIP = NO;
				DEBUG_INFORMATION_FORMAT = "dwarf-with-dsym";
				ENABLE_NS_ASSERTIONS = NO;
				ENABLE_STRICT_OBJC_MSGSEND = YES;
				GCC_C_LANGUAGE_STANDARD = gnu99;
				GCC_NO_COMMON_BLOCKS = YES;
				GCC_WARN_64_TO_32_BIT_CONVERSION = YES;
				GCC_WARN_ABOUT_RETURN_TYPE = YES_ERROR;
				GCC_WARN_UNDECLARED_SELECTOR = YES;
				GCC_WARN_UNINITIALIZED_AUTOS = YES_AGGRESSIVE;
				GCC_WARN_UNUSED_FUNCTION = YES;
				GCC_WARN_UNUSED_VARIABLE = YES;
				IPHONEOS_DEPLOYMENT_TARGET = 8.3;
				MTL_ENABLE_DEBUG_INFO = NO;
				SDKROOT = iphoneos;
				TARGETED_DEVICE_FAMILY = "1,2";
				VALIDATE_PRODUCT = YES;
			};
			name = Release;
		};
		57231A641B0497D7000DE8D9 /* Debug */ = {
			isa = XCBuildConfiguration;
			buildSettings = {
				ASSETCATALOG_COMPILER_APPICON_NAME = AppIcon;
				INFOPLIST_FILE = minesSweeperFP/Info.plist;
				LD_RUNPATH_SEARCH_PATHS = "$(inherited) @executable_path/Frameworks";
				PRODUCT_NAME = "$(TARGET_NAME)";
			};
			name = Debug;
		};
		57231A651B0497D7000DE8D9 /* Release */ = {
			isa = XCBuildConfiguration;
			buildSettings = {
				ASSETCATALOG_COMPILER_APPICON_NAME = AppIcon;
				INFOPLIST_FILE = minesSweeperFP/Info.plist;
				LD_RUNPATH_SEARCH_PATHS = "$(inherited) @executable_path/Frameworks";
				PRODUCT_NAME = "$(TARGET_NAME)";
			};
			name = Release;
		};
		57231A671B0497D7000DE8D9 /* Debug */ = {
			isa = XCBuildConfiguration;
			buildSettings = {
				BUNDLE_LOADER = "$(TEST_HOST)";
				FRAMEWORK_SEARCH_PATHS = (
					"$(SDKROOT)/Developer/Library/Frameworks",
					"$(inherited)",
				);
				GCC_PREPROCESSOR_DEFINITIONS = (
					"DEBUG=1",
					"$(inherited)",
				);
				INFOPLIST_FILE = minesSweeperFPTests/Info.plist;
				LD_RUNPATH_SEARCH_PATHS = "$(inherited) @executable_path/Frameworks @loader_path/Frameworks";
				PRODUCT_NAME = "$(TARGET_NAME)";
				TEST_HOST = "$(BUILT_PRODUCTS_DIR)/minesSweeperFP.app/minesSweeperFP";
			};
			name = Debug;
		};
		57231A681B0497D7000DE8D9 /* Release */ = {
			isa = XCBuildConfiguration;
			buildSettings = {
				BUNDLE_LOADER = "$(TEST_HOST)";
				FRAMEWORK_SEARCH_PATHS = (
					"$(SDKROOT)/Developer/Library/Frameworks",
					"$(inherited)",
				);
				INFOPLIST_FILE = minesSweeperFPTests/Info.plist;
				LD_RUNPATH_SEARCH_PATHS = "$(inherited) @executable_path/Frameworks @loader_path/Frameworks";
				PRODUCT_NAME = "$(TARGET_NAME)";
				TEST_HOST = "$(BUILT_PRODUCTS_DIR)/minesSweeperFP.app/minesSweeperFP";
			};
			name = Release;
		};
/* End XCBuildConfiguration section */

/* Begin XCConfigurationList section */
		57231A3F1B0497D7000DE8D9 /* Build configuration list for PBXProject "minesSweeperFP" */ = {
			isa = XCConfigurationList;
			buildConfigurations = (
				57231A611B0497D7000DE8D9 /* Debug */,
				57231A621B0497D7000DE8D9 /* Release */,
			);
			defaultConfigurationIsVisible = 0;
			defaultConfigurationName = Release;
		};
		57231A631B0497D7000DE8D9 /* Build configuration list for PBXNativeTarget "minesSweeperFP" */ = {
			isa = XCConfigurationList;
			buildConfigurations = (
				57231A641B0497D7000DE8D9 /* Debug */,
				57231A651B0497D7000DE8D9 /* Release */,
			);
			defaultConfigurationIsVisible = 0;
		};
		57231A661B0497D7000DE8D9 /* Build configuration list for PBXNativeTarget "minesSweeperFPTests" */ = {
			isa = XCConfigurationList;
			buildConfigurations = (
				57231A671B0497D7000DE8D9 /* Debug */,
				57231A681B0497D7000DE8D9 /* Release */,
			);
			defaultConfigurationIsVisible = 0;
		};
/* End XCConfigurationList section */
	};
	rootObject = 57231A3C1B0497D7000DE8D9 /* Project object */;
}
